
Microsoft Visual Studio Solution File, Format Version 12.00
# Visual Studio Version 17
VisualStudioVersion = 17.4.33205.214
MinimumVisualStudioVersion = 10.0.40219.1
Project("{FAE04EC0-301F-11D3-BF4B-00C04F79EFBC}") = "Ulker.Azime.Business", "Ulker.Azime.Business\Ulker.Azime.Business.csproj", "{EA21237E-BB32-4FDD-BBD3-F523D3CBB9BB}"
EndProject
Global
	GlobalSection(SolutionConfigurationPlatforms) = preSolution
		Debug|Any CPU = Debug|Any CPU
		Release|Any CPU = Release|Any CPU
	EndGlobalSection
	GlobalSection(ProjectConfigurationPlatforms) = postSolution
		{EA21237E-BB32-4FDD-BBD3-F523D3CBB9BB}.Debug|Any CPU.ActiveCfg = Debug|Any CPU
		{EA21237E-BB32-4FDD-BBD3-F523D3CBB9BB}.Debug|Any CPU.Build.0 = Debug|Any CPU
		{EA21237E-BB32-4FDD-BBD3-F523D3CBB9BB}.Release|Any CPU.ActiveCfg = Release|Any CPU
		{EA21237E-BB32-4FDD-BBD3-F523D3CBB9BB}.Release|Any CPU.Build.0 = Release|Any CPU
	EndGlobalSection
	GlobalSection(SolutionProperties) = preSolution
		HideSolutionNode = FALSE
	EndGlobalSection
	GlobalSection(ExtensibilityGlobals) = postSolution
		SolutionGuid = {EBC2344C-E3C2-4D95-9160-D7EC80CB1472}
	EndGlobalSection
EndGlobal
